{
    "version": 3,
    "terraform_version": "0.9.6",
    "serial": 2,
    "lineage": "f2a7c15b-dbcc-41b4-97f9-b6396fb929a9",
    "modules": [
        {
            "path": [
                "root"
            ],
            "outputs": {},
            "resources": {
                "digitalocean_droplet.master": {
                    "type": "digitalocean_droplet",
                    "depends_on": [],
                    "primary": {
                        "id": "58022278",
                        "attributes": {
                            "disk": "20",
                            "id": "58022278",
                            "image": "ubuntu-16-04-x64",
                            "ipv4_address": "67.205.175.210",
                            "locked": "false",
                            "name": "kube-master-1",
                            "price_hourly": "0.00744",
                            "price_monthly": "5",
                            "region": "nyc1",
                            "resize_disk": "true",
                            "size": "512mb",
                            "ssh_keys.#": "1",
                            "ssh_keys.0": "ce:1b:52:47:94:e7:f5:43:dc:a7:6e:ac:5d:3e:d2:6d",
                            "status": "active",
                            "tags.#": "0",
                            "vcpus": "1"
                        },
                        "meta": {},
                        "tainted": false
                    },
                    "deposed": [],
                    "provider": ""
                },
                "digitalocean_droplet.nodes": {
                    "type": "digitalocean_droplet",
                    "depends_on": [],
                    "primary": {
                        "id": "58022279",
                        "attributes": {
                            "disk": "20",
                            "id": "58022279",
                            "image": "ubuntu-16-04-x64",
                            "ipv4_address": "67.205.168.108",
                            "locked": "false",
                            "name": "kube-node-1",
                            "price_hourly": "0.00744",
                            "price_monthly": "5",
                            "region": "nyc1",
                            "resize_disk": "true",
                            "size": "512mb",
                            "ssh_keys.#": "1",
                            "ssh_keys.0": "ce:1b:52:47:94:e7:f5:43:dc:a7:6e:ac:5d:3e:d2:6d",
                            "status": "active",
                            "tags.#": "0",
                            "vcpus": "1"
                        },
                        "meta": {},
                        "tainted": false
                    },
                    "deposed": [],
                    "provider": ""
                },
                "digitalocean_floating_ip.master_ip": {
                    "type": "digitalocean_floating_ip",
                    "depends_on": [
                        "digitalocean_droplet.master"
                    ],
                    "primary": {
                        "id": "138.197.226.117",
                        "attributes": {
                            "droplet_id": "58022278",
                            "id": "138.197.226.117",
                            "ip_address": "138.197.226.117",
                            "region": "nyc1"
                        },
                        "meta": {},
                        "tainted": false
                    },
                    "deposed": [],
                    "provider": ""
                }
            },
            "depends_on": []
        }
    ]
}
