{
    "version": 3,
    "terraform_version": "0.10.0",
    "serial": 16,
    "lineage": "f2a7c15b-dbcc-41b4-97f9-b6396fb929a9",
    "modules": [
        {
            "path": [
                "root"
            ],
            "outputs": {
                "master": {
                    "sensitive": false,
                    "type": "list",
                    "value": [
                        "67.207.86.160"
                    ]
                },
                "master-float-1": {
                    "sensitive": false,
                    "type": "string",
                    "value": "138.197.226.117"
                },
                "node-float-1": {
                    "sensitive": false,
                    "type": "string",
                    "value": "174.138.111.170"
                },
                "nodes": {
                    "sensitive": false,
                    "type": "list",
                    "value": [
                        "198.211.97.73"
                    ]
                }
            },
            "resources": {
                "digitalocean_droplet.master": {
                    "type": "digitalocean_droplet",
                    "depends_on": [],
                    "primary": {
                        "id": "58023760",
                        "attributes": {
                            "disk": "40",
                            "id": "58023760",
                            "image": "ubuntu-16-04-x64",
                            "ipv4_address": "67.207.86.160",
                            "locked": "false",
                            "name": "kube-master-1",
                            "price_hourly": "0.02976",
                            "price_monthly": "20",
                            "region": "nyc1",
                            "resize_disk": "true",
                            "size": "2gb",
                            "ssh_keys.#": "1",
                            "ssh_keys.0": "ce:1b:52:47:94:e7:f5:43:dc:a7:6e:ac:5d:3e:d2:6d",
                            "status": "active",
                            "tags.#": "0",
                            "user_data": "#!/bin/bash\n\napt-get update\napt-get -y upgrade\napt-get install -y python2.7\nln -s /usr/bin/python2.7 /usr/bin/python\n\n",
                            "vcpus": "2"
                        },
                        "meta": {},
                        "tainted": false
                    },
                    "deposed": [],
                    "provider": ""
                },
                "digitalocean_droplet.nodes": {
                    "type": "digitalocean_droplet",
                    "depends_on": [],
                    "primary": {
                        "id": "58023759",
                        "attributes": {
                            "disk": "30",
                            "id": "58023759",
                            "image": "ubuntu-16-04-x64",
                            "ipv4_address": "198.211.97.73",
                            "locked": "false",
                            "name": "kube-node-1",
                            "price_hourly": "0.01488",
                            "price_monthly": "10",
                            "region": "nyc1",
                            "resize_disk": "true",
                            "size": "1gb",
                            "ssh_keys.#": "1",
                            "ssh_keys.0": "ce:1b:52:47:94:e7:f5:43:dc:a7:6e:ac:5d:3e:d2:6d",
                            "status": "active",
                            "tags.#": "0",
                            "user_data": "#!/bin/bash\n\napt-get update\napt-get -y upgrade\napt-get install -y python2.7\nln -s /usr/bin/python2.7 /usr/bin/python\n\n",
                            "vcpus": "1"
                        },
                        "meta": {},
                        "tainted": false
                    },
                    "deposed": [],
                    "provider": ""
                },
                "digitalocean_firewall.kube": {
                    "type": "digitalocean_firewall",
                    "depends_on": [
                        "digitalocean_droplet.master.*",
                        "digitalocean_droplet.nodes.*",
                        "digitalocean_floating_ip.master_ip",
                        "digitalocean_floating_ip.node_ip"
                    ],
                    "primary": {
                        "id": "7cbbf2e7-f8b0-455c-bfb0-a142fc39fe86",
                        "attributes": {
                            "droplet_ids.#": "2",
                            "droplet_ids.0": "58023759",
                            "droplet_ids.1": "58023760",
                            "id": "7cbbf2e7-f8b0-455c-bfb0-a142fc39fe86",
                            "inbound_rule.#": "2",
                            "inbound_rule.0.port_range": "22",
                            "inbound_rule.0.protocol": "tcp",
                            "inbound_rule.0.source_addresses.#": "2",
                            "inbound_rule.0.source_addresses.0": "0.0.0.0/0",
                            "inbound_rule.0.source_addresses.1": "::/0",
                            "inbound_rule.0.source_droplet_ids.#": "0",
                            "inbound_rule.0.source_load_balancer_uids.#": "0",
                            "inbound_rule.0.source_tags.#": "0",
                            "inbound_rule.1.port_range": "0",
                            "inbound_rule.1.protocol": "tcp",
                            "inbound_rule.1.source_addresses.#": "2",
                            "inbound_rule.1.source_addresses.0": "198.211.97.73",
                            "inbound_rule.1.source_addresses.1": "67.207.86.160",
                            "inbound_rule.1.source_droplet_ids.#": "0",
                            "inbound_rule.1.source_load_balancer_uids.#": "0",
                            "inbound_rule.1.source_tags.#": "0",
                            "name": "kube",
                            "outbound_rule.#": "1",
                            "outbound_rule.0.destination_addresses.#": "2",
                            "outbound_rule.0.destination_addresses.0": "0.0.0.0/0",
                            "outbound_rule.0.destination_addresses.1": "::/0",
                            "outbound_rule.0.destination_droplet_ids.#": "0",
                            "outbound_rule.0.destination_load_balancer_uids.#": "0",
                            "outbound_rule.0.destination_tags.#": "0",
                            "outbound_rule.0.port_range": "0",
                            "outbound_rule.0.protocol": "tcp",
                            "pending_changes.#": "2",
                            "pending_changes.0.droplet_id": "58023759",
                            "pending_changes.0.removing": "false",
                            "pending_changes.0.status": "waiting",
                            "pending_changes.1.droplet_id": "58023760",
                            "pending_changes.1.removing": "false",
                            "pending_changes.1.status": "waiting",
                            "status": "waiting",
                            "tags.#": "0"
                        },
                        "meta": {},
                        "tainted": false
                    },
                    "deposed": [],
                    "provider": ""
                },
                "digitalocean_floating_ip.master_ip": {
                    "type": "digitalocean_floating_ip",
                    "depends_on": [
                        "digitalocean_droplet.master"
                    ],
                    "primary": {
                        "id": "138.197.226.117",
                        "attributes": {
                            "droplet_id": "58023760",
                            "id": "138.197.226.117",
                            "ip_address": "138.197.226.117",
                            "region": "nyc1"
                        },
                        "meta": {},
                        "tainted": false
                    },
                    "deposed": [],
                    "provider": ""
                },
                "digitalocean_floating_ip.node_ip": {
                    "type": "digitalocean_floating_ip",
                    "depends_on": [
                        "digitalocean_droplet.master",
                        "digitalocean_droplet.nodes"
                    ],
                    "primary": {
                        "id": "174.138.111.170",
                        "attributes": {
                            "droplet_id": "58023759",
                            "id": "174.138.111.170",
                            "ip_address": "174.138.111.170",
                            "region": "nyc1"
                        },
                        "meta": {},
                        "tainted": false
                    },
                    "deposed": [],
                    "provider": ""
                }
            },
            "depends_on": []
        }
    ]
}
